
Microsoft Visual Studio Solution File, Format Version 12.00
# Visual Studio Version 17
VisualStudioVersion = 17.8.34525.116
MinimumVisualStudioVersion = 10.0.40219.1
Project("{FAE04EC0-301F-11D3-BF4B-00C04F79EFBC}") = "ReactPostgreApp.Server", "ReactPostgreApp.Server\ReactPostgreApp.Server.csproj", "{9442FBBB-F0DF-4613-B11C-88F47E8386AD}"
EndProject
Project("{54A90642-561A-4BB1-A94E-469ADEE60C69}") = "reactpostgreapp.client", "reactpostgreapp.client\reactpostgreapp.client.esproj", "{91894402-75A8-4515-ACDE-AAD828B9138D}"
EndProject
Global
	GlobalSection(SolutionConfigurationPlatforms) = preSolution
		Debug|Any CPU = Debug|Any CPU
		Release|Any CPU = Release|Any CPU
	EndGlobalSection
	GlobalSection(ProjectConfigurationPlatforms) = postSolution
		{9442FBBB-F0DF-4613-B11C-88F47E8386AD}.Debug|Any CPU.ActiveCfg = Debug|Any CPU
		{9442FBBB-F0DF-4613-B11C-88F47E8386AD}.Debug|Any CPU.Build.0 = Debug|Any CPU
		{9442FBBB-F0DF-4613-B11C-88F47E8386AD}.Release|Any CPU.ActiveCfg = Release|Any CPU
		{9442FBBB-F0DF-4613-B11C-88F47E8386AD}.Release|Any CPU.Build.0 = Release|Any CPU
		{91894402-75A8-4515-ACDE-AAD828B9138D}.Debug|Any CPU.ActiveCfg = Debug|Any CPU
		{91894402-75A8-4515-ACDE-AAD828B9138D}.Debug|Any CPU.Build.0 = Debug|Any CPU
		{91894402-75A8-4515-ACDE-AAD828B9138D}.Debug|Any CPU.Deploy.0 = Debug|Any CPU
		{91894402-75A8-4515-ACDE-AAD828B9138D}.Release|Any CPU.ActiveCfg = Release|Any CPU
		{91894402-75A8-4515-ACDE-AAD828B9138D}.Release|Any CPU.Build.0 = Release|Any CPU
		{91894402-75A8-4515-ACDE-AAD828B9138D}.Release|Any CPU.Deploy.0 = Release|Any CPU
	EndGlobalSection
	GlobalSection(SolutionProperties) = preSolution
		HideSolutionNode = FALSE
	EndGlobalSection
	GlobalSection(ExtensibilityGlobals) = postSolution
		SolutionGuid = {F9BFC233-F551-4CC5-82EB-3F18E62B2380}
	EndGlobalSection
EndGlobal
